
Microsoft Visual Studio Solution File, Format Version 12.00
# Visual Studio Version 17
VisualStudioVersion = 17.14.36518.9
MinimumVisualStudioVersion = 10.0.40219.1
Project("{8BC9CEB8-8B4A-11D0-8D11-00A0C91BC942}") = "Tensor", "Tensor\Tensor.vcxproj", "{27F617D6-1BB2-48D6-A180-DE56DE209C8B}"
EndProject
Project("{2150E333-8FDC-42A3-9474-1A3956D46DE8}") = "Solution Items", "Solution Items", "{8EC462FD-D22E-90A8-E5CE-7E832BA40C5D}"
	ProjectSection(SolutionItems) = preProject
		.gitignore = .gitignore
	EndProjectSection
EndProject
Global
	GlobalSection(SolutionConfigurationPlatforms) = preSolution
		Debug|x64 = Debug|x64
		Debug|x86 = Debug|x86
		Release|x64 = Release|x64
		Release|x86 = Release|x86
	EndGlobalSection
	GlobalSection(ProjectConfigurationPlatforms) = postSolution
		{27F617D6-1BB2-48D6-A180-DE56DE209C8B}.Debug|x64.ActiveCfg = Debug|x64
		{27F617D6-1BB2-48D6-A180-DE56DE209C8B}.Debug|x64.Build.0 = Debug|x64
		{27F617D6-1BB2-48D6-A180-DE56DE209C8B}.Debug|x86.ActiveCfg = Debug|Win32
		{27F617D6-1BB2-48D6-A180-DE56DE209C8B}.Debug|x86.Build.0 = Debug|Win32
		{27F617D6-1BB2-48D6-A180-DE56DE209C8B}.Release|x64.ActiveCfg = Release|x64
		{27F617D6-1BB2-48D6-A180-DE56DE209C8B}.Release|x64.Build.0 = Release|x64
		{27F617D6-1BB2-48D6-A180-DE56DE209C8B}.Release|x86.ActiveCfg = Release|Win32
		{27F617D6-1BB2-48D6-A180-DE56DE209C8B}.Release|x86.Build.0 = Release|Win32
	EndGlobalSection
	GlobalSection(SolutionProperties) = preSolution
		HideSolutionNode = FALSE
	EndGlobalSection
	GlobalSection(ExtensibilityGlobals) = postSolution
		SolutionGuid = {BFC2C54D-B41F-4F2C-858F-0AED709AADCD}
	EndGlobalSection
EndGlobal
